
Microsoft Visual Studio Solution File, Format Version 12.00
# Visual Studio Version 16
VisualStudioVersion = 16.0.31005.135
MinimumVisualStudioVersion = 10.0.40219.1
Project("{FAE04EC0-301F-11D3-BF4B-00C04F79EFBC}") = "NPM_DGS_TOOLS", "NPM_DGS_TOOLS\NPM_DGS_TOOLS.csproj", "{81D18422-3B49-46D8-AB33-B81FA6A60015}"
EndProject
Global
	GlobalSection(SolutionConfigurationPlatforms) = preSolution
		Debug|Any CPU = Debug|Any CPU
		Release|Any CPU = Release|Any CPU
	EndGlobalSection
	GlobalSection(ProjectConfigurationPlatforms) = postSolution
		{81D18422-3B49-46D8-AB33-B81FA6A60015}.Debug|Any CPU.ActiveCfg = Debug|Any CPU
		{81D18422-3B49-46D8-AB33-B81FA6A60015}.Debug|Any CPU.Build.0 = Debug|Any CPU
		{81D18422-3B49-46D8-AB33-B81FA6A60015}.Release|Any CPU.ActiveCfg = Release|Any CPU
		{81D18422-3B49-46D8-AB33-B81FA6A60015}.Release|Any CPU.Build.0 = Release|Any CPU
	EndGlobalSection
	GlobalSection(SolutionProperties) = preSolution
		HideSolutionNode = FALSE
	EndGlobalSection
	GlobalSection(ExtensibilityGlobals) = postSolution
		SolutionGuid = {3CFCA1AE-BB7F-4817-A31E-5564EFEAB4BB}
	EndGlobalSection
EndGlobal
